PODS:
  - better_player_plus (1.0.0):
    - Cache (~> 6.0.0)
    - Flutter
    - GCDWebServer
    - HLSCachingReverseProxyServer
    - PINCache
  - Cache (6.0.0)
  - device_info_plus (0.0.1):
    - Flutter
  - fc_native_video_thumbnail (0.0.1):
    - Flutter
    - FlutterMacOS
  - Flutter (1.0.0)
  - flutter_image_compress_common (1.0.0):
    - Flutter
    - Mantle
    - SDWebImage
    - SDWebImageWebPCoder
  - flutter_plugin_record_plus (0.0.1):
    - Flutter
  - GCDWebServer (3.5.4):
    - GCDWebServer/Core (= 3.5.4)
  - GCDWebServer/Core (3.5.4)
  - HLSCachingReverseProxyServer (0.1.0):
    - GCDWebServer (~> 3.5)
    - PINCache (>= 3.0.1-beta.3)
  - HydraAsync (2.0.6)
  - image_gallery_saver_plus (0.0.1):
    - Flutter
  - libwebp (1.6.0):
    - libwebp/demux (= 1.6.0)
    - libwebp/mux (= 1.6.0)
    - libwebp/sharpyuv (= 1.6.0)
    - libwebp/webp (= 1.6.0)
  - libwebp/demux (1.6.0):
    - libwebp/webp
  - libwebp/mux (1.6.0):
    - libwebp/demux
  - libwebp/sharpyuv (1.6.0)
  - libwebp/webp (1.6.0):
    - libwebp/sharpyuv
  - Mantle (2.2.0):
    - Mantle/extobjc (= 2.2.0)
  - Mantle/extobjc (2.2.0)
  - open_file_ios (1.0.3):
    - Flutter
  - pasteboard (0.0.1):
    - Flutter
  - PINCache (3.0.4):
    - PINCache/Arc-exception-safe (= 3.0.4)
    - PINCache/Core (= 3.0.4)
  - PINCache/Arc-exception-safe (3.0.4):
    - PINCache/Core
  - PINCache/Core (3.0.4):
    - PINOperation (~> 1.2.3)
  - PINOperation (1.2.3)
  - SDWebImage (5.21.7):
    - SDWebImage/Core (= 5.21.7)
  - SDWebImage/Core (5.21.7)
  - SDWebImageWebPCoder (0.15.0):
    - libwebp (~> 1.0)
    - SDWebImage/Core (~> 5.17)
  - tencent_cloud_chat_push (8.8.7375):
    - Flutter
    - TIMPush (= 8.8.7375)
    - TXIMSDK_Plus_iOS_XCFramework
  - tencent_cloud_chat_sdk (8.0.0):
    - Flutter
    - HydraAsync
    - TXIMSDK_Plus_iOS_XCFramework (~> 8.8.7373)
  - tencent_cloud_uikit_core (0.0.1):
    - Flutter
  - TIMPush (8.8.7375):
    - TXIMSDK_Plus_iOS_XCFramework (>= 8.8.7354)
  - TXIMSDK_Plus_iOS_XCFramework (8.8.7373)

DEPENDENCIES:
  - better_player_plus (from `.symlinks/plugins/better_player_plus/ios`)
  - device_info_plus (from `.symlinks/plugins/device_info_plus/ios`)
  - fc_native_video_thumbnail (from `.symlinks/plugins/fc_native_video_thumbnail/darwin`)
  - Flutter (from `Flutter`)
  - flutter_image_compress_common (from `.symlinks/plugins/flutter_image_compress_common/ios`)
  - flutter_plugin_record_plus (from `.symlinks/plugins/flutter_plugin_record_plus/ios`)
  - image_gallery_saver_plus (from `.symlinks/plugins/image_gallery_saver_plus/ios`)
  - open_file_ios (from `.symlinks/plugins/open_file_ios/ios`)
  - pasteboard (from `.symlinks/plugins/pasteboard/ios`)
  - tencent_cloud_chat_push (from `.symlinks/plugins/tencent_cloud_chat_push/ios`)
  - tencent_cloud_chat_sdk (from `.symlinks/plugins/tencent_cloud_chat_sdk/ios`)
  - tencent_cloud_uikit_core (from `.symlinks/plugins/tencent_cloud_uikit_core/ios`)

SPEC REPOS:
  trunk:
    - Cache
    - GCDWebServer
    - HLSCachingReverseProxyServer
    - HydraAsync
    - libwebp
    - Mantle
    - PINCache
    - PINOperation
    - SDWebImage
    - SDWebImageWebPCoder
    - TIMPush
    - TXIMSDK_Plus_iOS_XCFramework

EXTERNAL SOURCES:
  better_player_plus:
    :path: ".symlinks/plugins/better_player_plus/ios"
  device_info_plus:
    :path: ".symlinks/plugins/device_info_plus/ios"
  fc_native_video_thumbnail:
    :path: ".symlinks/plugins/fc_native_video_thumbnail/darwin"
  Flutter:
    :path: Flutter
  flutter_image_compress_common:
    :path: ".symlinks/plugins/flutter_image_compress_common/ios"
  flutter_plugin_record_plus:
    :path: ".symlinks/plugins/flutter_plugin_record_plus/ios"
  image_gallery_saver_plus:
    :path: ".symlinks/plugins/image_gallery_saver_plus/ios"
  open_file_ios:
    :path: ".symlinks/plugins/open_file_ios/ios"
  pasteboard:
    :path: ".symlinks/plugins/pasteboard/ios"
  tencent_cloud_chat_push:
    :path: ".symlinks/plugins/tencent_cloud_chat_push/ios"
  tencent_cloud_chat_sdk:
    :path: ".symlinks/plugins/tencent_cloud_chat_sdk/ios"
  tencent_cloud_uikit_core:
    :path: ".symlinks/plugins/tencent_cloud_uikit_core/ios"

SPEC CHECKSUMS:
  better_player_plus: 10794c0ed1b3b4ae058939e22a6172f850a2039b
  Cache: 4ca7e00363fca5455f26534e5607634c820ffc2d
  device_info_plus: 71ffc6ab7634ade6267c7a93088ed7e4f74e5896
  fc_native_video_thumbnail: b511cec81fad66be9b28dd54b9adb39d40fcd6cc
  Flutter: cabc95a1d2626b1b06e7179b784ebcf0c0cde467
  flutter_image_compress_common: 1697a328fd72bfb335507c6bca1a65fa5ad87df1
  flutter_plugin_record_plus: 7dc36c7574e26041729728fdaaf7eeba30d90ec0
  GCDWebServer: 2c156a56c8226e2d5c0c3f208a3621ccffbe3ce4
  HLSCachingReverseProxyServer: 59935e1e0244ad7f3375d75b5ef46e8eb26ab181
  HydraAsync: 8d589bd725b0224f899afafc9a396327405f8063
  image_gallery_saver_plus: e597bf65a7846979417a3eae0763b71b6dfec6c3
  libwebp: af5937a13536ef73f3784d69cc342b98961acf33
  Mantle: c5aa8794a29a022dfbbfc9799af95f477a69b62d
  open_file_ios: 46184d802ee7959203f6392abcfa0dd49fdb5be0
  pasteboard: 49088aeb6119d51f976a421db60d8e1ab079b63c
  PINCache: d9a87a0ff397acffe9e2f0db972ac14680441158
  PINOperation: fb563bcc9c32c26d6c78aaff967d405aa2ee74a7
  SDWebImage: e9fc87c1aab89a8ab1bbd74eba378c6f53be8abf
  SDWebImageWebPCoder: 0e06e365080397465cc73a7a9b472d8a3bd0f377
  tencent_cloud_chat_push: 227c83d8055f8121e30d14b03984f6492639618d
  tencent_cloud_chat_sdk: 2182475abf83a60de565b91c6eaed4dbef8c825a
  tencent_cloud_uikit_core: 137e8ae40882b1929508e688182b2818708cc078
  TIMPush: d2c1dbaebe021db4403ddd26caff46232ef352bb
  TXIMSDK_Plus_iOS_XCFramework: a99356b102d4c47ee1c60fa91837d7efb0f8f83d

PODFILE CHECKSUM: 983a1fa06a2b343cd19495d0563a6009e71bf7ff

COCOAPODS: 1.16.2
